Microsoft Visual Studio Solution File, Format Version 12.00
# Visual Studio Version 17
VisualStudioVersion = 17.5.2.0
MinimumVisualStudioVersion = 10.0.40219.1
Project("{2150E333-8FDC-42A3-9474-1A3956D46DE8}") = "server", "server", "{DAD03CFC-D5FA-AC94-41C7-9ABAB326F09E}"
EndProject
Project("{FAE04EC0-301F-11D3-BF4B-00C04F79EFBC}") = "RiotProxy", "server\RiotProxy.csproj", "{A62DB80C-8219-144C-2545-15604CEA3A54}"
EndProject
Project("{FAE04EC0-301F-11D3-BF4B-00C04F79EFBC}") = "RiotProxy.Tests", "server\RiotProxy.Tests\RiotProxy.Tests.csproj", "{3F2E0E5F-45D5-4C34-B4C2-7A7F7AF236D0}"
EndProject
Global
	GlobalSection(SolutionConfigurationPlatforms) = preSolution
		Debug|Any CPU = Debug|Any CPU
		Release|Any CPU = Release|Any CPU
	EndGlobalSection
	GlobalSection(ProjectConfigurationPlatforms) = postSolution
		{A62DB80C-8219-144C-2545-15604CEA3A54}.Debug|Any CPU.ActiveCfg = Debug|Any CPU
		{A62DB80C-8219-144C-2545-15604CEA3A54}.Debug|Any CPU.Build.0 = Debug|Any CPU
		{A62DB80C-8219-144C-2545-15604CEA3A54}.Release|Any CPU.ActiveCfg = Release|Any CPU
		{A62DB80C-8219-144C-2545-15604CEA3A54}.Release|Any CPU.Build.0 = Release|Any CPU
		{3F2E0E5F-45D5-4C34-B4C2-7A7F7AF236D0}.Debug|Any CPU.ActiveCfg = Debug|Any CPU
		{3F2E0E5F-45D5-4C34-B4C2-7A7F7AF236D0}.Debug|Any CPU.Build.0 = Debug|Any CPU
		{3F2E0E5F-45D5-4C34-B4C2-7A7F7AF236D0}.Release|Any CPU.ActiveCfg = Release|Any CPU
		{3F2E0E5F-45D5-4C34-B4C2-7A7F7AF236D0}.Release|Any CPU.Build.0 = Release|Any CPU
	EndGlobalSection
	GlobalSection(SolutionProperties) = preSolution
		HideSolutionNode = FALSE
	EndGlobalSection
	GlobalSection(NestedProjects) = preSolution
		{A62DB80C-8219-144C-2545-15604CEA3A54} = {DAD03CFC-D5FA-AC94-41C7-9ABAB326F09E}
		{3F2E0E5F-45D5-4C34-B4C2-7A7F7AF236D0} = {DAD03CFC-D5FA-AC94-41C7-9ABAB326F09E}
	EndGlobalSection
	GlobalSection(ExtensibilityGlobals) = postSolution
		SolutionGuid = {51BB0F1C-B6C9-4607-9C37-C615B121FEA0}
	EndGlobalSection
EndGlobal
